
Microsoft Visual Studio Solution File, Format Version 12.00
# Visual Studio Version 16
VisualStudioVersion = 16.0.31005.135
MinimumVisualStudioVersion = 10.0.40219.1
Project("{9A19103F-16F7-4668-BE54-9A1E7A4F7556}") = "Shared", "Shared\Shared.csproj", "{47B5D768-BAA5-4BC9-A661-CE4A710BCD8A}"
EndProject
Project("{9A19103F-16F7-4668-BE54-9A1E7A4F7556}") = "ConsoleUI", "ConsoleUI\ConsoleUI.csproj", "{10CCFD8E-7C52-49E3-B435-FB44A0590670}"
EndProject
Project("{9A19103F-16F7-4668-BE54-9A1E7A4F7556}") = "SPAFrontend", "SPAFrontend\SPAFrontend.csproj", "{F09166D7-1EE9-4359-9228-72D6A3C8D267}"
EndProject
Project("{9A19103F-16F7-4668-BE54-9A1E7A4F7556}") = "PKB", "PKB\PKB.csproj", "{385B6A76-7C26-48EE-962A-0E9B78E551BD}"
EndProject
Project("{9A19103F-16F7-4668-BE54-9A1E7A4F7556}") = "QueryProcessor", "QueryProcessor\QueryProcessor.csproj", "{98EA14C4-155C-45CC-A701-207E4A3BE60E}"
EndProject
Project("{9A19103F-16F7-4668-BE54-9A1E7A4F7556}") = "TestSPAFrontend", "TestSPAFrontend\TestSPAFrontend.csproj", "{94E28351-09C8-4CF9-8301-0B501F0DAA29}"
EndProject
Project("{9A19103F-16F7-4668-BE54-9A1E7A4F7556}") = "TestQueryProcessor", "TestQueryProcessor\TestQueryProcessor.csproj", "{1DE15C8A-4E8D-4F1E-A83F-A86F822D6D68}"
EndProject
Project("{9A19103F-16F7-4668-BE54-9A1E7A4F7556}") = "TestPKB", "TestPKB\TestPKB.csproj", "{EB682003-1A2A-49AD-90DE-63503188C15C}"
EndProject
Global
	GlobalSection(SolutionConfigurationPlatforms) = preSolution
		Debug|Any CPU = Debug|Any CPU
		Release|Any CPU = Release|Any CPU
	EndGlobalSection
	GlobalSection(ProjectConfigurationPlatforms) = postSolution
		{47B5D768-BAA5-4BC9-A661-CE4A710BCD8A}.Debug|Any CPU.ActiveCfg = Debug|Any CPU
		{47B5D768-BAA5-4BC9-A661-CE4A710BCD8A}.Debug|Any CPU.Build.0 = Debug|Any CPU
		{47B5D768-BAA5-4BC9-A661-CE4A710BCD8A}.Release|Any CPU.ActiveCfg = Release|Any CPU
		{47B5D768-BAA5-4BC9-A661-CE4A710BCD8A}.Release|Any CPU.Build.0 = Release|Any CPU
		{10CCFD8E-7C52-49E3-B435-FB44A0590670}.Debug|Any CPU.ActiveCfg = Debug|Any CPU
		{10CCFD8E-7C52-49E3-B435-FB44A0590670}.Debug|Any CPU.Build.0 = Debug|Any CPU
		{10CCFD8E-7C52-49E3-B435-FB44A0590670}.Release|Any CPU.ActiveCfg = Release|Any CPU
		{10CCFD8E-7C52-49E3-B435-FB44A0590670}.Release|Any CPU.Build.0 = Release|Any CPU
		{F09166D7-1EE9-4359-9228-72D6A3C8D267}.Debug|Any CPU.ActiveCfg = Debug|Any CPU
		{F09166D7-1EE9-4359-9228-72D6A3C8D267}.Debug|Any CPU.Build.0 = Debug|Any CPU
		{F09166D7-1EE9-4359-9228-72D6A3C8D267}.Release|Any CPU.ActiveCfg = Release|Any CPU
		{F09166D7-1EE9-4359-9228-72D6A3C8D267}.Release|Any CPU.Build.0 = Release|Any CPU
		{385B6A76-7C26-48EE-962A-0E9B78E551BD}.Debug|Any CPU.ActiveCfg = Debug|Any CPU
		{385B6A76-7C26-48EE-962A-0E9B78E551BD}.Debug|Any CPU.Build.0 = Debug|Any CPU
		{385B6A76-7C26-48EE-962A-0E9B78E551BD}.Release|Any CPU.ActiveCfg = Release|Any CPU
		{385B6A76-7C26-48EE-962A-0E9B78E551BD}.Release|Any CPU.Build.0 = Release|Any CPU
		{98EA14C4-155C-45CC-A701-207E4A3BE60E}.Debug|Any CPU.ActiveCfg = Debug|Any CPU
		{98EA14C4-155C-45CC-A701-207E4A3BE60E}.Debug|Any CPU.Build.0 = Debug|Any CPU
		{98EA14C4-155C-45CC-A701-207E4A3BE60E}.Release|Any CPU.ActiveCfg = Release|Any CPU
		{98EA14C4-155C-45CC-A701-207E4A3BE60E}.Release|Any CPU.Build.0 = Release|Any CPU
		{94E28351-09C8-4CF9-8301-0B501F0DAA29}.Debug|Any CPU.ActiveCfg = Debug|Any CPU
		{94E28351-09C8-4CF9-8301-0B501F0DAA29}.Debug|Any CPU.Build.0 = Debug|Any CPU
		{94E28351-09C8-4CF9-8301-0B501F0DAA29}.Release|Any CPU.ActiveCfg = Release|Any CPU
		{94E28351-09C8-4CF9-8301-0B501F0DAA29}.Release|Any CPU.Build.0 = Release|Any CPU
		{1DE15C8A-4E8D-4F1E-A83F-A86F822D6D68}.Debug|Any CPU.ActiveCfg = Debug|Any CPU
		{1DE15C8A-4E8D-4F1E-A83F-A86F822D6D68}.Debug|Any CPU.Build.0 = Debug|Any CPU
		{1DE15C8A-4E8D-4F1E-A83F-A86F822D6D68}.Release|Any CPU.ActiveCfg = Release|Any CPU
		{1DE15C8A-4E8D-4F1E-A83F-A86F822D6D68}.Release|Any CPU.Build.0 = Release|Any CPU
		{EB682003-1A2A-49AD-90DE-63503188C15C}.Debug|Any CPU.ActiveCfg = Debug|Any CPU
		{EB682003-1A2A-49AD-90DE-63503188C15C}.Debug|Any CPU.Build.0 = Debug|Any CPU
		{EB682003-1A2A-49AD-90DE-63503188C15C}.Release|Any CPU.ActiveCfg = Release|Any CPU
		{EB682003-1A2A-49AD-90DE-63503188C15C}.Release|Any CPU.Build.0 = Release|Any CPU
	EndGlobalSection
	GlobalSection(SolutionProperties) = preSolution
		HideSolutionNode = FALSE
	EndGlobalSection
	GlobalSection(ExtensibilityGlobals) = postSolution
		SolutionGuid = {6AA2E380-8FB2-4DAE-A7D3-59180E052790}
	EndGlobalSection
EndGlobal
